
Microsoft Visual Studio Solution File, Format Version 12.00
# Visual Studio Version 16
VisualStudioVersion = 16.0.30204.135
MinimumVisualStudioVersion = 10.0.40219.1
Project("{9A19103F-16F7-4668-BE54-9A1E7A4F7556}") = "BuildTasks", "BuildTasks\BuildTasks.csproj", "{1105DDFD-CB0B-4730-907C-916616CA3C22}"
EndProject
Global
	GlobalSection(SolutionConfigurationPlatforms) = preSolution
		Debug|Any CPU = Debug|Any CPU
		Release|Any CPU = Release|Any CPU
	EndGlobalSection
	GlobalSection(ProjectConfigurationPlatforms) = postSolution
		{1105DDFD-CB0B-4730-907C-916616CA3C22}.Debug|Any CPU.ActiveCfg = Debug|Any CPU
		{1105DDFD-CB0B-4730-907C-916616CA3C22}.Debug|Any CPU.Build.0 = Debug|Any CPU
		{1105DDFD-CB0B-4730-907C-916616CA3C22}.Release|Any CPU.ActiveCfg = Release|Any CPU
		{1105DDFD-CB0B-4730-907C-916616CA3C22}.Release|Any CPU.Build.0 = Release|Any CPU
	EndGlobalSection
	GlobalSection(SolutionProperties) = preSolution
		HideSolutionNode = FALSE
	EndGlobalSection
	GlobalSection(ExtensibilityGlobals) = postSolution
		SolutionGuid = {66C3F22B-6304-4768-8539-5DB63475024C}
	EndGlobalSection
EndGlobal
